// !$*UTF8*$!
{
	archiveVersion = 1;
	classes = {
	};
	objectVersion = 46;
	objects = {

/* Begin PBXBuildFile section */
		F2AF98471B476283001D89E2 /* FMTHotKey.m in Sources */ = {isa = PBXBuildFile; fileRef = F2AF983E1B476283001D89E2 /* FMTHotKey.m */; settings = {COMPILER_FLAGS = "-fno-objc-arc"; }; };
		F2AF98491B476283001D89E2 /* FMTLoginItems.m in Sources */ = {isa = PBXBuildFile; fileRef = F2AF98421B476283001D89E2 /* FMTLoginItems.m */; settings = {COMPILER_FLAGS = "-fno-objc-arc"; }; };
		F2AF984A1B476283001D89E2 /* FMTUtils.m in Sources */ = {isa = PBXBuildFile; fileRef = F2AF98441B476283001D89E2 /* FMTUtils.m */; settings = {COMPILER_FLAGS = "-fno-objc-arc"; }; };
		F2AF984B1B476283001D89E2 /* Readme.md in Sources */ = {isa = PBXBuildFile; fileRef = F2AF98451B476283001D89E2 /* Readme.md */; };
		F2AF984E1B4762F6001D89E2 /* NSArray+FMTNSArrayFunctional.m in Sources */ = {isa = PBXBuildFile; fileRef = F2AF984D1B4762F6001D89E2 /* NSArray+FMTNSArrayFunctional.m */; };
		F2B350D71B3B6793007F1E41 /* KeyMapping.plist in Resources */ = {isa = PBXBuildFile; fileRef = F2B350D61B3B6793007F1E41 /* KeyMapping.plist */; };
		F2B359AA1B3A1E2900E6D097 /* AppDelegate.m in Sources */ = {isa = PBXBuildFile; fileRef = F2B359A91B3A1E2900E6D097 /* AppDelegate.m */; };
		F2B359AC1B3A1E2900E6D097 /* main.m in Sources */ = {isa = PBXBuildFile; fileRef = F2B359AB1B3A1E2900E6D097 /* main.m */; };
		F2B359AE1B3A1E2900E6D097 /* Images.xcassets in Resources */ = {isa = PBXBuildFile; fileRef = F2B359AD1B3A1E2900E6D097 /* Images.xcassets */; };
		F2B359B11B3A1E2900E6D097 /* MainMenu.xib in Resources */ = {isa = PBXBuildFile; fileRef = F2B359AF1B3A1E2900E6D097 /* MainMenu.xib */; };
		F2B359BD1B3A1E2900E6D097 /* LuciferTests.m in Sources */ = {isa = PBXBuildFile; fileRef = F2B359BC1B3A1E2900E6D097 /* LuciferTests.m */; };
		F2B359C71B3A214500E6D097 /* IOKit.framework in Frameworks */ = {isa = PBXBuildFile; fileRef = F2B359C61B3A214500E6D097 /* IOKit.framework */; };
		F2B359CD1B3A283900E6D097 /* KBLKeyboardBacklightService.c in Sources */ = {isa = PBXBuildFile; fileRef = F2B359C91B3A283900E6D097 /* KBLKeyboardBacklightService.c */; };
		F2B359D21B3AED1200E6D097 /* FJCLEDMonitor.m in Sources */ = {isa = PBXBuildFile; fileRef = F2B359D11B3AED1200E6D097 /* FJCLEDMonitor.m */; };
		F2B359D51B3AF50400E6D097 /* FJCLuciferController.m in Sources */ = {isa = PBXBuildFile; fileRef = F2B359D41B3AF50400E6D097 /* FJCLuciferController.m */; };
		F2B359D91B3B271400E6D097 /* FJCPreferencesPanel.m in Sources */ = {isa = PBXBuildFile; fileRef = F2B359D81B3B271400E6D097 /* FJCPreferencesPanel.m */; };
/* End PBXBuildFile section */

/* Begin PBXContainerItemProxy section */
		F2B359B71B3A1E2900E6D097 /* PBXContainerItemProxy */ = {
			isa = PBXContainerItemProxy;
			containerPortal = F2B3599B1B3A1E2800E6D097 /* Project object */;
			proxyType = 1;
			remoteGlobalIDString = F2B359A21B3A1E2800E6D097;
			remoteInfo = Lucifer;
		};
/* End PBXContainerItemProxy section */

/* Begin PBXFileReference section */
		F2AF98381B47618C001D89E2 /* SBSystemPreferences.h */ = {isa = PBXFileReference; lastKnownFileType = sourcecode.c.h; name = SBSystemPreferences.h; path = External/SBSystemPreferences.h; sourceTree = "<group>"; };
		F2AF983A1B476283001D89E2 /* FMTDefines.h */ = {isa = PBXFileReference; fileEncoding = 4; lastKnownFileType = sourcecode.c.h; path = FMTDefines.h; sourceTree = "<group>"; };
		F2AF983D1B476283001D89E2 /* FMTHotKey.h */ = {isa = PBXFileReference; fileEncoding = 4; lastKnownFileType = sourcecode.c.h; path = FMTHotKey.h; sourceTree = "<group>"; };
		F2AF983E1B476283001D89E2 /* FMTHotKey.m */ = {isa = PBXFileReference; fileEncoding = 4; lastKnownFileType = sourcecode.c.objc; path = FMTHotKey.m; sourceTree = "<group>"; };
		F2AF98411B476283001D89E2 /* FMTLoginItems.h */ = {isa = PBXFileReference; fileEncoding = 4; lastKnownFileType = sourcecode.c.h; path = FMTLoginItems.h; sourceTree = "<group>"; };
		F2AF98421B476283001D89E2 /* FMTLoginItems.m */ = {isa = PBXFileReference; fileEncoding = 4; lastKnownFileType = sourcecode.c.objc; path = FMTLoginItems.m; sourceTree = "<group>"; };
		F2AF98431B476283001D89E2 /* FMTUtils.h */ = {isa = PBXFileReference; fileEncoding = 4; lastKnownFileType = sourcecode.c.h; path = FMTUtils.h; sourceTree = "<group>"; };
		F2AF98441B476283001D89E2 /* FMTUtils.m */ = {isa = PBXFileReference; fileEncoding = 4; lastKnownFileType = sourcecode.c.objc; path = FMTUtils.m; sourceTree = "<group>"; };
		F2AF98451B476283001D89E2 /* Readme.md */ = {isa = PBXFileReference; fileEncoding = 4; lastKnownFileType = net.daringfireball.markdown; path = Readme.md; sourceTree = "<group>"; };
		F2AF984C1B4762F6001D89E2 /* NSArray+FMTNSArrayFunctional.h */ = {isa = PBXFileReference; fileEncoding = 4; lastKnownFileType = sourcecode.c.h; name = "NSArray+FMTNSArrayFunctional.h"; path = "External/NSArray+FMTNSArrayFunctional.h"; sourceTree = "<group>"; };
		F2AF984D1B4762F6001D89E2 /* NSArray+FMTNSArrayFunctional.m */ = {isa = PBXFileReference; fileEncoding = 4; lastKnownFileType = sourcecode.c.objc; name = "NSArray+FMTNSArrayFunctional.m"; path = "External/NSArray+FMTNSArrayFunctional.m"; sourceTree = "<group>"; };
		F2B350D61B3B6793007F1E41 /* KeyMapping.plist */ = {isa = PBXFileReference; fileEncoding = 4; lastKnownFileType = text.plist.xml; name = KeyMapping.plist; path = Resources/KeyMapping.plist; sourceTree = "<group>"; };
		F2B350D81B3C7204007F1E41 /* PrefixHeader.pch */ = {isa = PBXFileReference; lastKnownFileType = sourcecode.c.h; path = PrefixHeader.pch; sourceTree = "<group>"; };
		F2B359A31B3A1E2900E6D097 /* Lucifer.app */ = {isa = PBXFileReference; explicitFileType = wrapper.application; includeInIndex = 0; path = Lucifer.app; sourceTree = BUILT_PRODUCTS_DIR; };
		F2B359A71B3A1E2900E6D097 /* Info.plist */ = {isa = PBXFileReference; lastKnownFileType = text.plist.xml; path = Info.plist; sourceTree = "<group>"; };
		F2B359A81B3A1E2900E6D097 /* AppDelegate.h */ = {isa = PBXFileReference; lastKnownFileType = sourcecode.c.h; path = AppDelegate.h; sourceTree = "<group>"; };
		F2B359A91B3A1E2900E6D097 /* AppDelegate.m */ = {isa = PBXFileReference; lastKnownFileType = sourcecode.c.objc; path = AppDelegate.m; sourceTree = "<group>"; };
		F2B359AB1B3A1E2900E6D097 /* main.m */ = {isa = PBXFileReference; lastKnownFileType = sourcecode.c.objc; path = main.m; sourceTree = "<group>"; };
		F2B359AD1B3A1E2900E6D097 /* Images.xcassets */ = {isa = PBXFileReference; lastKnownFileType = folder.assetcatalog; path = Images.xcassets; sourceTree = "<group>"; };
		F2B359B01B3A1E2900E6D097 /* Base */ = {isa = PBXFileReference; lastKnownFileType = file.xib; name = Base; path = Base.lproj/MainMenu.xib; sourceTree = "<group>"; };
		F2B359B61B3A1E2900E6D097 /* LuciferTests.xctest */ = {isa = PBXFileReference; explicitFileType = wrapper.cfbundle; includeInIndex = 0; path = LuciferTests.xctest; sourceTree = BUILT_PRODUCTS_DIR; };
		F2B359BB1B3A1E2900E6D097 /* Info.plist */ = {isa = PBXFileReference; lastKnownFileType = text.plist.xml; path = Info.plist; sourceTree = "<group>"; };
		F2B359BC1B3A1E2900E6D097 /* LuciferTests.m */ = {isa = PBXFileReference; lastKnownFileType = sourcecode.c.objc; path = LuciferTests.m; sourceTree = "<group>"; };
		F2B359C61B3A214500E6D097 /* IOKit.framework */ = {isa = PBXFileReference; lastKnownFileType = wrapper.framework; name = IOKit.framework; path = System/Library/Frameworks/IOKit.framework; sourceTree = SDKROOT; };
		F2B359C91B3A283900E6D097 /* KBLKeyboardBacklightService.c */ = {isa = PBXFileReference; fileEncoding = 4; lastKnownFileType = sourcecode.c.c; path = KBLKeyboardBacklightService.c; sourceTree = "<group>"; };
		F2B359CA1B3A283900E6D097 /* KBLKeyboardBacklightService.h */ = {isa = PBXFileReference; fileEncoding = 4; lastKnownFileType = sourcecode.c.h; path = KBLKeyboardBacklightService.h; sourceTree = "<group>"; };
		F2B359D01B3AED1200E6D097 /* FJCLEDMonitor.h */ = {isa = PBXFileReference; fileEncoding = 4; lastKnownFileType = sourcecode.c.h; path = FJCLEDMonitor.h; sourceTree = "<group>"; };
		F2B359D11B3AED1200E6D097 /* FJCLEDMonitor.m */ = {isa = PBXFileReference; fileEncoding = 4; lastKnownFileType = sourcecode.c.objc; path = FJCLEDMonitor.m; sourceTree = "<group>"; };
		F2B359D31B3AF50400E6D097 /* FJCLuciferController.h */ = {isa = PBXFileReference; fileEncoding = 4; lastKnownFileType = sourcecode.c.h; path = FJCLuciferController.h; sourceTree = "<group>"; };
		F2B359D41B3AF50400E6D097 /* FJCLuciferController.m */ = {isa = PBXFileReference; fileEncoding = 4; lastKnownFileType = sourcecode.c.objc; path = FJCLuciferController.m; sourceTree = "<group>"; };
		F2B359D71B3B271400E6D097 /* FJCPreferencesPanel.h */ = {isa = PBXFileReference; fileEncoding = 4; lastKnownFileType = sourcecode.c.h; name = FJCPreferencesPanel.h; path = Panels/FJCPreferencesPanel.h; sourceTree = "<group>"; };
		F2B359D81B3B271400E6D097 /* FJCPreferencesPanel.m */ = {isa = PBXFileReference; fileEncoding = 4; lastKnownFileType = sourcecode.c.objc; name = FJCPreferencesPanel.m; path = Panels/FJCPreferencesPanel.m; sourceTree = "<group>"; };
/* End PBXFileReference section */

/* Begin PBXFrameworksBuildPhase section */
		F2B359A01B3A1E2800E6D097 /* Frameworks */ = {
			isa = PBXFrameworksBuildPhase;
			buildActionMask = 2147483647;
			files = (
				F2B359C71B3A214500E6D097 /* IOKit.framework in Frameworks */,
			);
			runOnlyForDeploymentPostprocessing = 0;
		};
		F2B359B31B3A1E2900E6D097 /* Frameworks */ = {
			isa = PBXFrameworksBuildPhase;
			buildActionMask = 2147483647;
			files = (
			);
			runOnlyForDeploymentPostprocessing = 0;
		};
/* End PBXFrameworksBuildPhase section */

/* Begin PBXGroup section */
		F2AF98371B47616C001D89E2 /* External */ = {
			isa = PBXGroup;
			children = (
				F2AF98391B476283001D89E2 /* FMT */,
				F2AF98381B47618C001D89E2 /* SBSystemPreferences.h */,
				F2AF984C1B4762F6001D89E2 /* NSArray+FMTNSArrayFunctional.h */,
				F2AF984D1B4762F6001D89E2 /* NSArray+FMTNSArrayFunctional.m */,
			);
			name = External;
			sourceTree = "<group>";
		};
		F2AF98391B476283001D89E2 /* FMT */ = {
			isa = PBXGroup;
			children = (
				F2AF983A1B476283001D89E2 /* FMTDefines.h */,
				F2AF983D1B476283001D89E2 /* FMTHotKey.h */,
				F2AF983E1B476283001D89E2 /* FMTHotKey.m */,
				F2AF98411B476283001D89E2 /* FMTLoginItems.h */,
				F2AF98421B476283001D89E2 /* FMTLoginItems.m */,
				F2AF98431B476283001D89E2 /* FMTUtils.h */,
				F2AF98441B476283001D89E2 /* FMTUtils.m */,
				F2AF98451B476283001D89E2 /* Readme.md */,
			);
			name = FMT;
			path = External/FMT;
			sourceTree = "<group>";
		};
		F2B350D51B3B6774007F1E41 /* Resources */ = {
			isa = PBXGroup;
			children = (
				F2B350D61B3B6793007F1E41 /* KeyMapping.plist */,
			);
			name = Resources;
			sourceTree = "<group>";
		};
		F2B3599A1B3A1E2800E6D097 = {
			isa = PBXGroup;
			children = (
				F2B359C61B3A214500E6D097 /* IOKit.framework */,
				F2B359A51B3A1E2900E6D097 /* Lucifer */,
				F2B359B91B3A1E2900E6D097 /* LuciferTests */,
				F2B359A41B3A1E2900E6D097 /* Products */,
			);
			sourceTree = "<group>";
		};
		F2B359A41B3A1E2900E6D097 /* Products */ = {
			isa = PBXGroup;
			children = (
				F2B359A31B3A1E2900E6D097 /* Lucifer.app */,
				F2B359B61B3A1E2900E6D097 /* LuciferTests.xctest */,
			);
			name = Products;
			sourceTree = "<group>";
		};
		F2B359A51B3A1E2900E6D097 /* Lucifer */ = {
			isa = PBXGroup;
			children = (
				F2AF98371B47616C001D89E2 /* External */,
				F2B359D61B3B26FE00E6D097 /* Panels */,
				F2B359C81B3A283900E6D097 /* WizardKeys */,
				F2B359A81B3A1E2900E6D097 /* AppDelegate.h */,
				F2B359A91B3A1E2900E6D097 /* AppDelegate.m */,
				F2B359AD1B3A1E2900E6D097 /* Images.xcassets */,
				F2B359AF1B3A1E2900E6D097 /* MainMenu.xib */,
				F2B359A61B3A1E2900E6D097 /* Supporting Files */,
				F2B359D01B3AED1200E6D097 /* FJCLEDMonitor.h */,
				F2B359D11B3AED1200E6D097 /* FJCLEDMonitor.m */,
				F2B359D31B3AF50400E6D097 /* FJCLuciferController.h */,
				F2B359D41B3AF50400E6D097 /* FJCLuciferController.m */,
				F2B350D51B3B6774007F1E41 /* Resources */,
			);
			path = Lucifer;
			sourceTree = "<group>";
		};
		F2B359A61B3A1E2900E6D097 /* Supporting Files */ = {
			isa = PBXGroup;
			children = (
				F2B359A71B3A1E2900E6D097 /* Info.plist */,
				F2B359AB1B3A1E2900E6D097 /* main.m */,
				F2B350D81B3C7204007F1E41 /* PrefixHeader.pch */,
			);
			name = "Supporting Files";
			sourceTree = "<group>";
		};
		F2B359B91B3A1E2900E6D097 /* LuciferTests */ = {
			isa = PBXGroup;
			children = (
				F2B359BC1B3A1E2900E6D097 /* LuciferTests.m */,
				F2B359BA1B3A1E2900E6D097 /* Supporting Files */,
			);
			path = LuciferTests;
			sourceTree = "<group>";
		};
		F2B359BA1B3A1E2900E6D097 /* Supporting Files */ = {
			isa = PBXGroup;
			children = (
				F2B359BB1B3A1E2900E6D097 /* Info.plist */,
			);
			name = "Supporting Files";
			sourceTree = "<group>";
		};
		F2B359C81B3A283900E6D097 /* WizardKeys */ = {
			isa = PBXGroup;
			children = (
				F2B359C91B3A283900E6D097 /* KBLKeyboardBacklightService.c */,
				F2B359CA1B3A283900E6D097 /* KBLKeyboardBacklightService.h */,
			);
			path = WizardKeys;
			sourceTree = SOURCE_ROOT;
		};
		F2B359D61B3B26FE00E6D097 /* Panels */ = {
			isa = PBXGroup;
			children = (
				F2B359D71B3B271400E6D097 /* FJCPreferencesPanel.h */,
				F2B359D81B3B271400E6D097 /* FJCPreferencesPanel.m */,
			);
			name = Panels;
			sourceTree = "<group>";
		};
/* End PBXGroup section */

/* Begin PBXNativeTarget section */
		F2B359A21B3A1E2800E6D097 /* Lucifer */ = {
			isa = PBXNativeTarget;
			buildConfigurationList = F2B359C01B3A1E2900E6D097 /* Build configuration list for PBXNativeTarget "Lucifer" */;
			buildPhases = (
				F2B3599F1B3A1E2800E6D097 /* Sources */,
				F2B359A01B3A1E2800E6D097 /* Frameworks */,
				F2B359A11B3A1E2800E6D097 /* Resources */,
			);
			buildRules = (
			);
			dependencies = (
			);
			name = Lucifer;
			productName = Lucifer;
			productReference = F2B359A31B3A1E2900E6D097 /* Lucifer.app */;
			productType = "com.apple.product-type.application";
		};
		F2B359B51B3A1E2900E6D097 /* LuciferTests */ = {
			isa = PBXNativeTarget;
			buildConfigurationList = F2B359C31B3A1E2900E6D097 /* Build configuration list for PBXNativeTarget "LuciferTests" */;
			buildPhases = (
				F2B359B21B3A1E2900E6D097 /* Sources */,
				F2B359B31B3A1E2900E6D097 /* Frameworks */,
				F2B359B41B3A1E2900E6D097 /* Resources */,
			);
			buildRules = (
			);
			dependencies = (
				F2B359B81B3A1E2900E6D097 /* PBXTargetDependency */,
			);
			name = LuciferTests;
			productName = LuciferTests;
			productReference = F2B359B61B3A1E2900E6D097 /* LuciferTests.xctest */;
			productType = "com.apple.product-type.bundle.unit-test";
		};
/* End PBXNativeTarget section */

/* Begin PBXProject section */
		F2B3599B1B3A1E2800E6D097 /* Project object */ = {
			isa = PBXProject;
			attributes = {
				CLASSPREFIX = FJC;
				LastUpgradeCheck = 0630;
				ORGANIZATIONNAME = Shufflow;
				TargetAttributes = {
					F2B359A21B3A1E2800E6D097 = {
						CreatedOnToolsVersion = 6.3.2;
					};
					F2B359B51B3A1E2900E6D097 = {
						CreatedOnToolsVersion = 6.3.2;
						TestTargetID = F2B359A21B3A1E2800E6D097;
					};
				};
			};
			buildConfigurationList = F2B3599E1B3A1E2800E6D097 /* Build configuration list for PBXProject "Lucifer" */;
			compatibilityVersion = "Xcode 3.2";
			developmentRegion = English;
			hasScannedForEncodings = 0;
			knownRegions = (
				en,
				Base,
			);
			mainGroup = F2B3599A1B3A1E2800E6D097;
			productRefGroup = F2B359A41B3A1E2900E6D097 /* Products */;
			projectDirPath = "";
			projectRoot = "";
			targets = (
				F2B359A21B3A1E2800E6D097 /* Lucifer */,
				F2B359B51B3A1E2900E6D097 /* LuciferTests */,
			);
		};
/* End PBXProject section */

/* Begin PBXResourcesBuildPhase section */
		F2B359A11B3A1E2800E6D097 /* Resources */ = {
			isa = PBXResourcesBuildPhase;
			buildActionMask = 2147483647;
			files = (
				F2B359AE1B3A1E2900E6D097 /* Images.xcassets in Resources */,
				F2B350D71B3B6793007F1E41 /* KeyMapping.plist in Resources */,
				F2B359B11B3A1E2900E6D097 /* MainMenu.xib in Resources */,
			);
			runOnlyForDeploymentPostprocessing = 0;
		};
		F2B359B41B3A1E2900E6D097 /* Resources */ = {
			isa = PBXResourcesBuildPhase;
			buildActionMask = 2147483647;
			files = (
			);
			runOnlyForDeploymentPostprocessing = 0;
		};
/* End PBXResourcesBuildPhase section */

/* Begin PBXSourcesBuildPhase section */
		F2B3599F1B3A1E2800E6D097 /* Sources */ = {
			isa = PBXSourcesBuildPhase;
			buildActionMask = 2147483647;
			files = (
				F2AF984B1B476283001D89E2 /* Readme.md in Sources */,
				F2AF984E1B4762F6001D89E2 /* NSArray+FMTNSArrayFunctional.m in Sources */,
				F2AF98491B476283001D89E2 /* FMTLoginItems.m in Sources */,
				F2AF98471B476283001D89E2 /* FMTHotKey.m in Sources */,
				F2AF984A1B476283001D89E2 /* FMTUtils.m in Sources */,
				F2B359CD1B3A283900E6D097 /* KBLKeyboardBacklightService.c in Sources */,
				F2B359AC1B3A1E2900E6D097 /* main.m in Sources */,
				F2B359D21B3AED1200E6D097 /* FJCLEDMonitor.m in Sources */,
				F2B359D91B3B271400E6D097 /* FJCPreferencesPanel.m in Sources */,
				F2B359AA1B3A1E2900E6D097 /* AppDelegate.m in Sources */,
				F2B359D51B3AF50400E6D097 /* FJCLuciferController.m in Sources */,
			);
			runOnlyForDeploymentPostprocessing = 0;
		};
		F2B359B21B3A1E2900E6D097 /* Sources */ = {
			isa = PBXSourcesBuildPhase;
			buildActionMask = 2147483647;
			files = (
				F2B359BD1B3A1E2900E6D097 /* LuciferTests.m in Sources */,
			);
			runOnlyForDeploymentPostprocessing = 0;
		};
/* End PBXSourcesBuildPhase section */

/* Begin PBXTargetDependency section */
		F2B359B81B3A1E2900E6D097 /* PBXTargetDependency */ = {
			isa = PBXTargetDependency;
			target = F2B359A21B3A1E2800E6D097 /* Lucifer */;
			targetProxy = F2B359B71B3A1E2900E6D097 /* PBXContainerItemProxy */;
		};
/* End PBXTargetDependency section */

/* Begin PBXVariantGroup section */
		F2B359AF1B3A1E2900E6D097 /* MainMenu.xib */ = {
			isa = PBXVariantGroup;
			children = (
				F2B359B01B3A1E2900E6D097 /* Base */,
			);
			name = MainMenu.xib;
			sourceTree = "<group>";
		};
/* End PBXVariantGroup section */

/* Begin XCBuildConfiguration section */
		F2B359BE1B3A1E2900E6D097 /* Debug */ = {
			isa = XCBuildConfiguration;
			buildSettings = {
				ALWAYS_SEARCH_USER_PATHS = NO;
				CLANG_CXX_LANGUAGE_STANDARD = "gnu++0x";
				CLANG_CXX_LIBRARY = "libc++";
				CLANG_ENABLE_MODULES = YES;
				CLANG_ENABLE_OBJC_ARC = YES;
				CLANG_WARN_BOOL_CONVERSION = YES;
				CLANG_WARN_CONSTANT_CONVERSION = YES;
				CLANG_WARN_DIRECT_OBJC_ISA_USAGE = YES_ERROR;
				CLANG_WARN_EMPTY_BODY = YES;
				CLANG_WARN_ENUM_CONVERSION = YES;
				CLANG_WARN_INT_CONVERSION = YES;
				CLANG_WARN_OBJC_ROOT_CLASS = YES_ERROR;
				CLANG_WARN_UNREACHABLE_CODE = YES;
				CLANG_WARN__DUPLICATE_METHOD_MATCH = YES;
				CODE_SIGN_IDENTITY = "-";
				COPY_PHASE_STRIP = NO;
				DEBUG_INFORMATION_FORMAT = dwarf;
				ENABLE_STRICT_OBJC_MSGSEND = YES;
				GCC_C_LANGUAGE_STANDARD = gnu99;
				GCC_DYNAMIC_NO_PIC = NO;
				GCC_NO_COMMON_BLOCKS = YES;
				GCC_OPTIMIZATION_LEVEL = 0;
				GCC_PREPROCESSOR_DEFINITIONS = (
					"DEBUG=1",
					"$(inherited)",
				);
				GCC_SYMBOLS_PRIVATE_EXTERN = NO;
				GCC_WARN_64_TO_32_BIT_CONVERSION = YES;
				GCC_WARN_ABOUT_RETURN_TYPE = YES_ERROR;
				GCC_WARN_UNDECLARED_SELECTOR = YES;
				GCC_WARN_UNINITIALIZED_AUTOS = YES_AGGRESSIVE;
				GCC_WARN_UNUSED_FUNCTION = YES;
				GCC_WARN_UNUSED_VARIABLE = YES;
				MACOSX_DEPLOYMENT_TARGET = 10.10;
				MTL_ENABLE_DEBUG_INFO = YES;
				ONLY_ACTIVE_ARCH = YES;
				SDKROOT = macosx;
			};
			name = Debug;
		};
		F2B359BF1B3A1E2900E6D097 /* Release */ = {
			isa = XCBuildConfiguration;
			buildSettings = {
				ALWAYS_SEARCH_USER_PATHS = NO;
				CLANG_CXX_LANGUAGE_STANDARD = "gnu++0x";
				CLANG_CXX_LIBRARY = "libc++";
				CLANG_ENABLE_MODULES = YES;
				CLANG_ENABLE_OBJC_ARC = YES;
				CLANG_WARN_BOOL_CONVERSION = YES;
				CLANG_WARN_CONSTANT_CONVERSION = YES;
				CLANG_WARN_DIRECT_OBJC_ISA_USAGE = YES_ERROR;
				CLANG_WARN_EMPTY_BODY = YES;
				CLANG_WARN_ENUM_CONVERSION = YES;
				CLANG_WARN_INT_CONVERSION = YES;
				CLANG_WARN_OBJC_ROOT_CLASS = YES_ERROR;
				CLANG_WARN_UNREACHABLE_CODE = YES;
				CLANG_WARN__DUPLICATE_METHOD_MATCH = YES;
				CODE_SIGN_IDENTITY = "-";
				COPY_PHASE_STRIP = NO;
				DEBUG_INFORMATION_FORMAT = "dwarf-with-dsym";
				ENABLE_NS_ASSERTIONS = NO;
				ENABLE_STRICT_OBJC_MSGSEND = YES;
				GCC_C_LANGUAGE_STANDARD = gnu99;
				GCC_NO_COMMON_BLOCKS = YES;
				GCC_WARN_64_TO_32_BIT_CONVERSION = YES;
				GCC_WARN_ABOUT_RETURN_TYPE = YES_ERROR;
				GCC_WARN_UNDECLARED_SELECTOR = YES;
				GCC_WARN_UNINITIALIZED_AUTOS = YES_AGGRESSIVE;
				GCC_WARN_UNUSED_FUNCTION = YES;
				GCC_WARN_UNUSED_VARIABLE = YES;
				MACOSX_DEPLOYMENT_TARGET = 10.10;
				MTL_ENABLE_DEBUG_INFO = NO;
				SDKROOT = macosx;
			};
			name = Release;
		};
		F2B359C11B3A1E2900E6D097 /* Debug */ = {
			isa = XCBuildConfiguration;
			buildSettings = {
				ASSETCATALOG_COMPILER_APPICON_NAME = AppIcon;
				COMBINE_HIDPI_IMAGES = YES;
				GCC_PREFIX_HEADER = Lucifer/PrefixHeader.pch;
				INFOPLIST_FILE = Lucifer/Info.plist;
				LD_RUNPATH_SEARCH_PATHS = "$(inherited) @executable_path/../Frameworks";
				PRODUCT_NAME = "$(TARGET_NAME)";
			};
			name = Debug;
		};
		F2B359C21B3A1E2900E6D097 /* Release */ = {
			isa = XCBuildConfiguration;
			buildSettings = {
				ASSETCATALOG_COMPILER_APPICON_NAME = AppIcon;
				COMBINE_HIDPI_IMAGES = YES;
				GCC_PREFIX_HEADER = Lucifer/PrefixHeader.pch;
				INFOPLIST_FILE = Lucifer/Info.plist;
				LD_RUNPATH_SEARCH_PATHS = "$(inherited) @executable_path/../Frameworks";
				PRODUCT_NAME = "$(TARGET_NAME)";
			};
			name = Release;
		};
		F2B359C41B3A1E2900E6D097 /* Debug */ = {
			isa = XCBuildConfiguration;
			buildSettings = {
				BUNDLE_LOADER = "$(TEST_HOST)";
				COMBINE_HIDPI_IMAGES = YES;
				FRAMEWORK_SEARCH_PATHS = (
					"$(DEVELOPER_FRAMEWORKS_DIR)",
					"$(inherited)",
				);
				GCC_PREPROCESSOR_DEFINITIONS = (
					"DEBUG=1",
					"$(inherited)",
				);
				INFOPLIST_FILE = LuciferTests/Info.plist;
				LD_RUNPATH_SEARCH_PATHS = "$(inherited) @executable_path/../Frameworks @loader_path/../Frameworks";
				PRODUCT_NAME = "$(TARGET_NAME)";
				TEST_HOST = "$(BUILT_PRODUCTS_DIR)/Lucifer.app/Contents/MacOS/Lucifer";
			};
			name = Debug;
		};
		F2B359C51B3A1E2900E6D097 /* Release */ = {
			isa = XCBuildConfiguration;
			buildSettings = {
				BUNDLE_LOADER = "$(TEST_HOST)";
				COMBINE_HIDPI_IMAGES = YES;
				FRAMEWORK_SEARCH_PATHS = (
					"$(DEVELOPER_FRAMEWORKS_DIR)",
					"$(inherited)",
				);
				INFOPLIST_FILE = LuciferTests/Info.plist;
				LD_RUNPATH_SEARCH_PATHS = "$(inherited) @executable_path/../Frameworks @loader_path/../Frameworks";
				PRODUCT_NAME = "$(TARGET_NAME)";
				TEST_HOST = "$(BUILT_PRODUCTS_DIR)/Lucifer.app/Contents/MacOS/Lucifer";
			};
			name = Release;
		};
/* End XCBuildConfiguration section */

/* Begin XCConfigurationList section */
		F2B3599E1B3A1E2800E6D097 /* Build configuration list for PBXProject "Lucifer" */ = {
			isa = XCConfigurationList;
			buildConfigurations = (
				F2B359BE1B3A1E2900E6D097 /* Debug */,
				F2B359BF1B3A1E2900E6D097 /* Release */,
			);
			defaultConfigurationIsVisible = 0;
			defaultConfigurationName = Release;
		};
		F2B359C01B3A1E2900E6D097 /* Build configuration list for PBXNativeTarget "Lucifer" */ = {
			isa = XCConfigurationList;
			buildConfigurations = (
				F2B359C11B3A1E2900E6D097 /* Debug */,
				F2B359C21B3A1E2900E6D097 /* Release */,
			);
			defaultConfigurationIsVisible = 0;
			defaultConfigurationName = Release;
		};
		F2B359C31B3A1E2900E6D097 /* Build configuration list for PBXNativeTarget "LuciferTests" */ = {
			isa = XCConfigurationList;
			buildConfigurations = (
				F2B359C41B3A1E2900E6D097 /* Debug */,
				F2B359C51B3A1E2900E6D097 /* Release */,
			);
			defaultConfigurationIsVisible = 0;
			defaultConfigurationName = Release;
		};
/* End XCConfigurationList section */
	};
	rootObject = F2B3599B1B3A1E2800E6D097 /* Project object */;
}
