// !$*UTF8*$!
{
	archiveVersion = 1;
	classes = {
	};
	objectVersion = 46;
	objects = {

/* Begin PBXBuildFile section */
		5F8CB537C8A634B6BF9CDF92 /* libPods-Lucifer.a in Frameworks */ = {isa = PBXBuildFile; fileRef = 941A77A56112546E08937CA3 /* libPods-Lucifer.a */; };
		F21D97791B6051D9009CFDC5 /* KBLKeyboardBacklightService.c in Sources */ = {isa = PBXBuildFile; fileRef = F21D97751B6051D9009CFDC5 /* KBLKeyboardBacklightService.c */; };
		F238F26C1B605EC9005D330E /* Sparkle.framework in CopyFiles */ = {isa = PBXBuildFile; fileRef = F238F26B1B605EC9005D330E /* Sparkle.framework */; settings = {ATTRIBUTES = (CodeSignOnCopy, RemoveHeadersOnCopy, ); }; };
		F238F26E1B606133005D330E /* dsa_pub.pem in Resources */ = {isa = PBXBuildFile; fileRef = F238F26D1B606133005D330E /* dsa_pub.pem */; };
		F238F2701B606268005D330E /* appcast.xml in Resources */ = {isa = PBXBuildFile; fileRef = F238F26F1B606268005D330E /* appcast.xml */; };
		F2AF984E1B4762F6001D89E2 /* NSArray+FMTNSArrayFunctional.m in Sources */ = {isa = PBXBuildFile; fileRef = F2AF984D1B4762F6001D89E2 /* NSArray+FMTNSArrayFunctional.m */; };
		F2B350D71B3B6793007F1E41 /* KeyMapping.plist in Resources */ = {isa = PBXBuildFile; fileRef = F2B350D61B3B6793007F1E41 /* KeyMapping.plist */; };
		F2B359AA1B3A1E2900E6D097 /* AppDelegate.m in Sources */ = {isa = PBXBuildFile; fileRef = F2B359A91B3A1E2900E6D097 /* AppDelegate.m */; };
		F2B359AC1B3A1E2900E6D097 /* main.m in Sources */ = {isa = PBXBuildFile; fileRef = F2B359AB1B3A1E2900E6D097 /* main.m */; };
		F2B359AE1B3A1E2900E6D097 /* Images.xcassets in Resources */ = {isa = PBXBuildFile; fileRef = F2B359AD1B3A1E2900E6D097 /* Images.xcassets */; };
		F2B359B11B3A1E2900E6D097 /* MainMenu.xib in Resources */ = {isa = PBXBuildFile; fileRef = F2B359AF1B3A1E2900E6D097 /* MainMenu.xib */; };
		F2B359BD1B3A1E2900E6D097 /* LuciferTests.m in Sources */ = {isa = PBXBuildFile; fileRef = F2B359BC1B3A1E2900E6D097 /* LuciferTests.m */; };
		F2B359C71B3A214500E6D097 /* IOKit.framework in Frameworks */ = {isa = PBXBuildFile; fileRef = F2B359C61B3A214500E6D097 /* IOKit.framework */; };
		F2B359D21B3AED1200E6D097 /* FJCLEDMonitor.m in Sources */ = {isa = PBXBuildFile; fileRef = F2B359D11B3AED1200E6D097 /* FJCLEDMonitor.m */; };
		F2B359D51B3AF50400E6D097 /* FJCLuciferController.m in Sources */ = {isa = PBXBuildFile; fileRef = F2B359D41B3AF50400E6D097 /* FJCLuciferController.m */; };
		F2B359D91B3B271400E6D097 /* FJCPreferencesPanel.m in Sources */ = {isa = PBXBuildFile; fileRef = F2B359D81B3B271400E6D097 /* FJCPreferencesPanel.m */; };
		F2E7CB4F1B60468A00FD8557 /* AppDelegate.m in Sources */ = {isa = PBXBuildFile; fileRef = F2E7CB4E1B60468A00FD8557 /* AppDelegate.m */; };
		F2E7CB511B60468A00FD8557 /* main.m in Sources */ = {isa = PBXBuildFile; fileRef = F2E7CB501B60468A00FD8557 /* main.m */; };
		F2E7CB531B60468A00FD8557 /* Images.xcassets in Resources */ = {isa = PBXBuildFile; fileRef = F2E7CB521B60468A00FD8557 /* Images.xcassets */; };
		F2E7CB561B60468A00FD8557 /* MainMenu.xib in Resources */ = {isa = PBXBuildFile; fileRef = F2E7CB541B60468A00FD8557 /* MainMenu.xib */; };
		F2E7CB621B60468A00FD8557 /* BehemothTests.m in Sources */ = {isa = PBXBuildFile; fileRef = F2E7CB611B60468A00FD8557 /* BehemothTests.m */; };
		F2E7CB6A1B60478D00FD8557 /* Behemoth.app in CopyFiles */ = {isa = PBXBuildFile; fileRef = F2E7CB491B60468A00FD8557 /* Behemoth.app */; settings = {ATTRIBUTES = (RemoveHeadersOnCopy, ); }; };
/* End PBXBuildFile section */

/* Begin PBXContainerItemProxy section */
		F2B359B71B3A1E2900E6D097 /* PBXContainerItemProxy */ = {
			isa = PBXContainerItemProxy;
			containerPortal = F2B3599B1B3A1E2800E6D097 /* Project object */;
			proxyType = 1;
			remoteGlobalIDString = F2B359A21B3A1E2800E6D097;
			remoteInfo = Lucifer;
		};
		F2E7CB5C1B60468A00FD8557 /* PBXContainerItemProxy */ = {
			isa = PBXContainerItemProxy;
			containerPortal = F2B3599B1B3A1E2800E6D097 /* Project object */;
			proxyType = 1;
			remoteGlobalIDString = F2E7CB481B60468A00FD8557;
			remoteInfo = Behemoth;
		};
/* End PBXContainerItemProxy section */

/* Begin PBXCopyFilesBuildPhase section */
		F238F26A1B605EA0005D330E /* CopyFiles */ = {
			isa = PBXCopyFilesBuildPhase;
			buildActionMask = 2147483647;
			dstPath = "";
			dstSubfolderSpec = 10;
			files = (
				F238F26C1B605EC9005D330E /* Sparkle.framework in CopyFiles */,
			);
			runOnlyForDeploymentPostprocessing = 0;
		};
		F2E7CB691B6046B200FD8557 /* CopyFiles */ = {
			isa = PBXCopyFilesBuildPhase;
			buildActionMask = 2147483647;
			dstPath = Contents/Library/LoginItems;
			dstSubfolderSpec = 1;
			files = (
				F2E7CB6A1B60478D00FD8557 /* Behemoth.app in CopyFiles */,
			);
			runOnlyForDeploymentPostprocessing = 0;
		};
/* End PBXCopyFilesBuildPhase section */

/* Begin PBXFileReference section */
		1EEAC1A5CFDBEE6EE702B30B /* Pods-Lucifer.release.xcconfig */ = {isa = PBXFileReference; includeInIndex = 1; lastKnownFileType = text.xcconfig; name = "Pods-Lucifer.release.xcconfig"; path = "Pods/Target Support Files/Pods-Lucifer/Pods-Lucifer.release.xcconfig"; sourceTree = "<group>"; };
		941A77A56112546E08937CA3 /* libPods-Lucifer.a */ = {isa = PBXFileReference; explicitFileType = archive.ar; includeInIndex = 0; path = "libPods-Lucifer.a"; sourceTree = BUILT_PRODUCTS_DIR; };
		E1ADFDCB01B057F78212E31D /* Pods-Lucifer.debug.xcconfig */ = {isa = PBXFileReference; includeInIndex = 1; lastKnownFileType = text.xcconfig; name = "Pods-Lucifer.debug.xcconfig"; path = "Pods/Target Support Files/Pods-Lucifer/Pods-Lucifer.debug.xcconfig"; sourceTree = "<group>"; };
		F21D97751B6051D9009CFDC5 /* KBLKeyboardBacklightService.c */ = {isa = PBXFileReference; fileEncoding = 4; lastKnownFileType = sourcecode.c.c; path = KBLKeyboardBacklightService.c; sourceTree = "<group>"; };
		F21D97761B6051D9009CFDC5 /* KBLKeyboardBacklightService.h */ = {isa = PBXFileReference; fileEncoding = 4; lastKnownFileType = sourcecode.c.h; path = KBLKeyboardBacklightService.h; sourceTree = "<group>"; };
		F238F26B1B605EC9005D330E /* Sparkle.framework */ = {isa = PBXFileReference; lastKnownFileType = wrapper.framework; name = Sparkle.framework; path = Pods/Sparkle/Sparkle.framework; sourceTree = "<group>"; };
		F238F26D1B606133005D330E /* dsa_pub.pem */ = {isa = PBXFileReference; fileEncoding = 4; lastKnownFileType = text; path = dsa_pub.pem; sourceTree = "<group>"; };
		F238F26F1B606268005D330E /* appcast.xml */ = {isa = PBXFileReference; fileEncoding = 4; lastKnownFileType = text.xml; path = appcast.xml; sourceTree = "<group>"; };
		F2AF98381B47618C001D89E2 /* SBSystemPreferences.h */ = {isa = PBXFileReference; lastKnownFileType = sourcecode.c.h; name = SBSystemPreferences.h; path = External/SBSystemPreferences.h; sourceTree = "<group>"; };
		F2AF984C1B4762F6001D89E2 /* NSArray+FMTNSArrayFunctional.h */ = {isa = PBXFileReference; fileEncoding = 4; lastKnownFileType = sourcecode.c.h; name = "NSArray+FMTNSArrayFunctional.h"; path = "External/NSArray+FMTNSArrayFunctional.h"; sourceTree = "<group>"; };
		F2AF984D1B4762F6001D89E2 /* NSArray+FMTNSArrayFunctional.m */ = {isa = PBXFileReference; fileEncoding = 4; lastKnownFileType = sourcecode.c.objc; name = "NSArray+FMTNSArrayFunctional.m"; path = "External/NSArray+FMTNSArrayFunctional.m"; sourceTree = "<group>"; };
		F2B350D61B3B6793007F1E41 /* KeyMapping.plist */ = {isa = PBXFileReference; fileEncoding = 4; lastKnownFileType = text.plist.xml; name = KeyMapping.plist; path = Resources/KeyMapping.plist; sourceTree = "<group>"; };
		F2B350D81B3C7204007F1E41 /* PrefixHeader.pch */ = {isa = PBXFileReference; lastKnownFileType = sourcecode.c.h; path = PrefixHeader.pch; sourceTree = "<group>"; };
		F2B359A31B3A1E2900E6D097 /* Lucifer.app */ = {isa = PBXFileReference; explicitFileType = wrapper.application; includeInIndex = 0; path = Lucifer.app; sourceTree = BUILT_PRODUCTS_DIR; };
		F2B359A71B3A1E2900E6D097 /* Info.plist */ = {isa = PBXFileReference; lastKnownFileType = text.plist.xml; path = Info.plist; sourceTree = "<group>"; };
		F2B359A81B3A1E2900E6D097 /* AppDelegate.h */ = {isa = PBXFileReference; lastKnownFileType = sourcecode.c.h; path = AppDelegate.h; sourceTree = "<group>"; };
		F2B359A91B3A1E2900E6D097 /* AppDelegate.m */ = {isa = PBXFileReference; lastKnownFileType = sourcecode.c.objc; path = AppDelegate.m; sourceTree = "<group>"; };
		F2B359AB1B3A1E2900E6D097 /* main.m */ = {isa = PBXFileReference; lastKnownFileType = sourcecode.c.objc; path = main.m; sourceTree = "<group>"; };
		F2B359AD1B3A1E2900E6D097 /* Images.xcassets */ = {isa = PBXFileReference; lastKnownFileType = folder.assetcatalog; path = Images.xcassets; sourceTree = "<group>"; };
		F2B359B01B3A1E2900E6D097 /* Base */ = {isa = PBXFileReference; lastKnownFileType = file.xib; name = Base; path = Base.lproj/MainMenu.xib; sourceTree = "<group>"; };
		F2B359B61B3A1E2900E6D097 /* LuciferTests.xctest */ = {isa = PBXFileReference; explicitFileType = wrapper.cfbundle; includeInIndex = 0; path = LuciferTests.xctest; sourceTree = BUILT_PRODUCTS_DIR; };
		F2B359BB1B3A1E2900E6D097 /* Info.plist */ = {isa = PBXFileReference; lastKnownFileType = text.plist.xml; path = Info.plist; sourceTree = "<group>"; };
		F2B359BC1B3A1E2900E6D097 /* LuciferTests.m */ = {isa = PBXFileReference; lastKnownFileType = sourcecode.c.objc; path = LuciferTests.m; sourceTree = "<group>"; };
		F2B359C61B3A214500E6D097 /* IOKit.framework */ = {isa = PBXFileReference; lastKnownFileType = wrapper.framework; name = IOKit.framework; path = System/Library/Frameworks/IOKit.framework; sourceTree = SDKROOT; };
		F2B359D01B3AED1200E6D097 /* FJCLEDMonitor.h */ = {isa = PBXFileReference; fileEncoding = 4; lastKnownFileType = sourcecode.c.h; path = FJCLEDMonitor.h; sourceTree = "<group>"; };
		F2B359D11B3AED1200E6D097 /* FJCLEDMonitor.m */ = {isa = PBXFileReference; fileEncoding = 4; lastKnownFileType = sourcecode.c.objc; path = FJCLEDMonitor.m; sourceTree = "<group>"; };
		F2B359D31B3AF50400E6D097 /* FJCLuciferController.h */ = {isa = PBXFileReference; fileEncoding = 4; lastKnownFileType = sourcecode.c.h; path = FJCLuciferController.h; sourceTree = "<group>"; };
		F2B359D41B3AF50400E6D097 /* FJCLuciferController.m */ = {isa = PBXFileReference; fileEncoding = 4; lastKnownFileType = sourcecode.c.objc; path = FJCLuciferController.m; sourceTree = "<group>"; };
		F2B359D71B3B271400E6D097 /* FJCPreferencesPanel.h */ = {isa = PBXFileReference; fileEncoding = 4; lastKnownFileType = sourcecode.c.h; name = FJCPreferencesPanel.h; path = Panels/FJCPreferencesPanel.h; sourceTree = "<group>"; };
		F2B359D81B3B271400E6D097 /* FJCPreferencesPanel.m */ = {isa = PBXFileReference; fileEncoding = 4; lastKnownFileType = sourcecode.c.objc; name = FJCPreferencesPanel.m; path = Panels/FJCPreferencesPanel.m; sourceTree = "<group>"; };
		F2E7CB491B60468A00FD8557 /* Behemoth.app */ = {isa = PBXFileReference; explicitFileType = wrapper.application; includeInIndex = 0; path = Behemoth.app; sourceTree = BUILT_PRODUCTS_DIR; };
		F2E7CB4C1B60468A00FD8557 /* Info.plist */ = {isa = PBXFileReference; lastKnownFileType = text.plist.xml; path = Info.plist; sourceTree = "<group>"; };
		F2E7CB4D1B60468A00FD8557 /* AppDelegate.h */ = {isa = PBXFileReference; lastKnownFileType = sourcecode.c.h; path = AppDelegate.h; sourceTree = "<group>"; };
		F2E7CB4E1B60468A00FD8557 /* AppDelegate.m */ = {isa = PBXFileReference; lastKnownFileType = sourcecode.c.objc; path = AppDelegate.m; sourceTree = "<group>"; };
		F2E7CB501B60468A00FD8557 /* main.m */ = {isa = PBXFileReference; lastKnownFileType = sourcecode.c.objc; path = main.m; sourceTree = "<group>"; };
		F2E7CB521B60468A00FD8557 /* Images.xcassets */ = {isa = PBXFileReference; lastKnownFileType = folder.assetcatalog; path = Images.xcassets; sourceTree = "<group>"; };
		F2E7CB551B60468A00FD8557 /* Base */ = {isa = PBXFileReference; lastKnownFileType = file.xib; name = Base; path = Base.lproj/MainMenu.xib; sourceTree = "<group>"; };
		F2E7CB5B1B60468A00FD8557 /* BehemothTests.xctest */ = {isa = PBXFileReference; explicitFileType = wrapper.cfbundle; includeInIndex = 0; path = BehemothTests.xctest; sourceTree = BUILT_PRODUCTS_DIR; };
		F2E7CB601B60468A00FD8557 /* Info.plist */ = {isa = PBXFileReference; lastKnownFileType = text.plist.xml; path = Info.plist; sourceTree = "<group>"; };
		F2E7CB611B60468A00FD8557 /* BehemothTests.m */ = {isa = PBXFileReference; lastKnownFileType = sourcecode.c.objc; path = BehemothTests.m; sourceTree = "<group>"; };
/* End PBXFileReference section */

/* Begin PBXFrameworksBuildPhase section */
		F2B359A01B3A1E2800E6D097 /* Frameworks */ = {
			isa = PBXFrameworksBuildPhase;
			buildActionMask = 2147483647;
			files = (
				F2B359C71B3A214500E6D097 /* IOKit.framework in Frameworks */,
				5F8CB537C8A634B6BF9CDF92 /* libPods-Lucifer.a in Frameworks */,
			);
			runOnlyForDeploymentPostprocessing = 0;
		};
		F2B359B31B3A1E2900E6D097 /* Frameworks */ = {
			isa = PBXFrameworksBuildPhase;
			buildActionMask = 2147483647;
			files = (
			);
			runOnlyForDeploymentPostprocessing = 0;
		};
		F2E7CB461B60468A00FD8557 /* Frameworks */ = {
			isa = PBXFrameworksBuildPhase;
			buildActionMask = 2147483647;
			files = (
			);
			runOnlyForDeploymentPostprocessing = 0;
		};
		F2E7CB581B60468A00FD8557 /* Frameworks */ = {
			isa = PBXFrameworksBuildPhase;
			buildActionMask = 2147483647;
			files = (
			);
			runOnlyForDeploymentPostprocessing = 0;
		};
/* End PBXFrameworksBuildPhase section */

/* Begin PBXGroup section */
		2CAF733272AC6DA2AD9010AC /* Frameworks */ = {
			isa = PBXGroup;
			children = (
				941A77A56112546E08937CA3 /* libPods-Lucifer.a */,
			);
			name = Frameworks;
			sourceTree = "<group>";
		};
		2D6FCAE74E3F939C4BB3FB60 /* Pods */ = {
			isa = PBXGroup;
			children = (
				E1ADFDCB01B057F78212E31D /* Pods-Lucifer.debug.xcconfig */,
				1EEAC1A5CFDBEE6EE702B30B /* Pods-Lucifer.release.xcconfig */,
			);
			name = Pods;
			sourceTree = "<group>";
		};
		F21D97741B6051D9009CFDC5 /* WizardKeys */ = {
			isa = PBXGroup;
			children = (
				F21D97751B6051D9009CFDC5 /* KBLKeyboardBacklightService.c */,
				F21D97761B6051D9009CFDC5 /* KBLKeyboardBacklightService.h */,
			);
			name = WizardKeys;
			path = External/WizardKeys;
			sourceTree = "<group>";
		};
		F2AF98371B47616C001D89E2 /* External */ = {
			isa = PBXGroup;
			children = (
				F21D97741B6051D9009CFDC5 /* WizardKeys */,
				F2AF98381B47618C001D89E2 /* SBSystemPreferences.h */,
				F2AF984C1B4762F6001D89E2 /* NSArray+FMTNSArrayFunctional.h */,
				F2AF984D1B4762F6001D89E2 /* NSArray+FMTNSArrayFunctional.m */,
			);
			name = External;
			sourceTree = "<group>";
		};
		F2B350D51B3B6774007F1E41 /* Resources */ = {
			isa = PBXGroup;
			children = (
				F238F26F1B606268005D330E /* appcast.xml */,
				F238F26D1B606133005D330E /* dsa_pub.pem */,
				F2B350D61B3B6793007F1E41 /* KeyMapping.plist */,
			);
			name = Resources;
			sourceTree = "<group>";
		};
		F2B3599A1B3A1E2800E6D097 = {
			isa = PBXGroup;
			children = (
				F238F26B1B605EC9005D330E /* Sparkle.framework */,
				F2B359C61B3A214500E6D097 /* IOKit.framework */,
				F2B359A51B3A1E2900E6D097 /* Lucifer */,
				F2B359B91B3A1E2900E6D097 /* LuciferTests */,
				F2E7CB4A1B60468A00FD8557 /* Behemoth */,
				F2E7CB5E1B60468A00FD8557 /* BehemothTests */,
				F2B359A41B3A1E2900E6D097 /* Products */,
				2D6FCAE74E3F939C4BB3FB60 /* Pods */,
				2CAF733272AC6DA2AD9010AC /* Frameworks */,
			);
			sourceTree = "<group>";
		};
		F2B359A41B3A1E2900E6D097 /* Products */ = {
			isa = PBXGroup;
			children = (
				F2B359A31B3A1E2900E6D097 /* Lucifer.app */,
				F2B359B61B3A1E2900E6D097 /* LuciferTests.xctest */,
				F2E7CB491B60468A00FD8557 /* Behemoth.app */,
				F2E7CB5B1B60468A00FD8557 /* BehemothTests.xctest */,
			);
			name = Products;
			sourceTree = "<group>";
		};
		F2B359A51B3A1E2900E6D097 /* Lucifer */ = {
			isa = PBXGroup;
			children = (
				F2AF98371B47616C001D89E2 /* External */,
				F2B359D61B3B26FE00E6D097 /* Panels */,
				F2B359A81B3A1E2900E6D097 /* AppDelegate.h */,
				F2B359A91B3A1E2900E6D097 /* AppDelegate.m */,
				F2B359AD1B3A1E2900E6D097 /* Images.xcassets */,
				F2B359AF1B3A1E2900E6D097 /* MainMenu.xib */,
				F2B359A61B3A1E2900E6D097 /* Supporting Files */,
				F2B359D01B3AED1200E6D097 /* FJCLEDMonitor.h */,
				F2B359D11B3AED1200E6D097 /* FJCLEDMonitor.m */,
				F2B359D31B3AF50400E6D097 /* FJCLuciferController.h */,
				F2B359D41B3AF50400E6D097 /* FJCLuciferController.m */,
				F2B350D51B3B6774007F1E41 /* Resources */,
			);
			path = Lucifer;
			sourceTree = "<group>";
		};
		F2B359A61B3A1E2900E6D097 /* Supporting Files */ = {
			isa = PBXGroup;
			children = (
				F2B359A71B3A1E2900E6D097 /* Info.plist */,
				F2B359AB1B3A1E2900E6D097 /* main.m */,
				F2B350D81B3C7204007F1E41 /* PrefixHeader.pch */,
			);
			name = "Supporting Files";
			sourceTree = "<group>";
		};
		F2B359B91B3A1E2900E6D097 /* LuciferTests */ = {
			isa = PBXGroup;
			children = (
				F2B359BC1B3A1E2900E6D097 /* LuciferTests.m */,
				F2B359BA1B3A1E2900E6D097 /* Supporting Files */,
			);
			path = LuciferTests;
			sourceTree = "<group>";
		};
		F2B359BA1B3A1E2900E6D097 /* Supporting Files */ = {
			isa = PBXGroup;
			children = (
				F2B359BB1B3A1E2900E6D097 /* Info.plist */,
			);
			name = "Supporting Files";
			sourceTree = "<group>";
		};
		F2B359D61B3B26FE00E6D097 /* Panels */ = {
			isa = PBXGroup;
			children = (
				F2B359D71B3B271400E6D097 /* FJCPreferencesPanel.h */,
				F2B359D81B3B271400E6D097 /* FJCPreferencesPanel.m */,
			);
			name = Panels;
			sourceTree = "<group>";
		};
		F2E7CB4A1B60468A00FD8557 /* Behemoth */ = {
			isa = PBXGroup;
			children = (
				F2E7CB4D1B60468A00FD8557 /* AppDelegate.h */,
				F2E7CB4E1B60468A00FD8557 /* AppDelegate.m */,
				F2E7CB521B60468A00FD8557 /* Images.xcassets */,
				F2E7CB541B60468A00FD8557 /* MainMenu.xib */,
				F2E7CB4B1B60468A00FD8557 /* Supporting Files */,
			);
			path = Behemoth;
			sourceTree = "<group>";
		};
		F2E7CB4B1B60468A00FD8557 /* Supporting Files */ = {
			isa = PBXGroup;
			children = (
				F2E7CB4C1B60468A00FD8557 /* Info.plist */,
				F2E7CB501B60468A00FD8557 /* main.m */,
			);
			name = "Supporting Files";
			sourceTree = "<group>";
		};
		F2E7CB5E1B60468A00FD8557 /* BehemothTests */ = {
			isa = PBXGroup;
			children = (
				F2E7CB611B60468A00FD8557 /* BehemothTests.m */,
				F2E7CB5F1B60468A00FD8557 /* Supporting Files */,
			);
			path = BehemothTests;
			sourceTree = "<group>";
		};
		F2E7CB5F1B60468A00FD8557 /* Supporting Files */ = {
			isa = PBXGroup;
			children = (
				F2E7CB601B60468A00FD8557 /* Info.plist */,
			);
			name = "Supporting Files";
			sourceTree = "<group>";
		};
/* End PBXGroup section */

/* Begin PBXNativeTarget section */
		F2B359A21B3A1E2800E6D097 /* Lucifer */ = {
			isa = PBXNativeTarget;
			buildConfigurationList = F2B359C01B3A1E2900E6D097 /* Build configuration list for PBXNativeTarget "Lucifer" */;
			buildPhases = (
				A22813C22630BFEF2117A800 /* Check Pods Manifest.lock */,
				F2B3599F1B3A1E2800E6D097 /* Sources */,
				F2B359A01B3A1E2800E6D097 /* Frameworks */,
				F2B359A11B3A1E2800E6D097 /* Resources */,
				F2E7CB691B6046B200FD8557 /* CopyFiles */,
				F21D977C1B6052B8009CFDC5 /* Version Bumper */,
				62F079DBA609A6E84FB3915D /* Copy Pods Resources */,
				F238F26A1B605EA0005D330E /* CopyFiles */,
			);
			buildRules = (
			);
			dependencies = (
			);
			name = Lucifer;
			productName = Lucifer;
			productReference = F2B359A31B3A1E2900E6D097 /* Lucifer.app */;
			productType = "com.apple.product-type.application";
		};
		F2B359B51B3A1E2900E6D097 /* LuciferTests */ = {
			isa = PBXNativeTarget;
			buildConfigurationList = F2B359C31B3A1E2900E6D097 /* Build configuration list for PBXNativeTarget "LuciferTests" */;
			buildPhases = (
				F2B359B21B3A1E2900E6D097 /* Sources */,
				F2B359B31B3A1E2900E6D097 /* Frameworks */,
				F2B359B41B3A1E2900E6D097 /* Resources */,
			);
			buildRules = (
			);
			dependencies = (
				F2B359B81B3A1E2900E6D097 /* PBXTargetDependency */,
			);
			name = LuciferTests;
			productName = LuciferTests;
			productReference = F2B359B61B3A1E2900E6D097 /* LuciferTests.xctest */;
			productType = "com.apple.product-type.bundle.unit-test";
		};
		F2E7CB481B60468A00FD8557 /* Behemoth */ = {
			isa = PBXNativeTarget;
			buildConfigurationList = F2E7CB631B60468A00FD8557 /* Build configuration list for PBXNativeTarget "Behemoth" */;
			buildPhases = (
				F2E7CB451B60468A00FD8557 /* Sources */,
				F2E7CB461B60468A00FD8557 /* Frameworks */,
				F2E7CB471B60468A00FD8557 /* Resources */,
			);
			buildRules = (
			);
			dependencies = (
			);
			name = Behemoth;
			productName = Behemoth;
			productReference = F2E7CB491B60468A00FD8557 /* Behemoth.app */;
			productType = "com.apple.product-type.application";
		};
		F2E7CB5A1B60468A00FD8557 /* BehemothTests */ = {
			isa = PBXNativeTarget;
			buildConfigurationList = F2E7CB661B60468A00FD8557 /* Build configuration list for PBXNativeTarget "BehemothTests" */;
			buildPhases = (
				F2E7CB571B60468A00FD8557 /* Sources */,
				F2E7CB581B60468A00FD8557 /* Frameworks */,
				F2E7CB591B60468A00FD8557 /* Resources */,
			);
			buildRules = (
			);
			dependencies = (
				F2E7CB5D1B60468A00FD8557 /* PBXTargetDependency */,
			);
			name = BehemothTests;
			productName = BehemothTests;
			productReference = F2E7CB5B1B60468A00FD8557 /* BehemothTests.xctest */;
			productType = "com.apple.product-type.bundle.unit-test";
		};
/* End PBXNativeTarget section */

/* Begin PBXProject section */
		F2B3599B1B3A1E2800E6D097 /* Project object */ = {
			isa = PBXProject;
			attributes = {
				CLASSPREFIX = FJC;
				LastUpgradeCheck = 0630;
				ORGANIZATIONNAME = Shufflow;
				TargetAttributes = {
					F2B359A21B3A1E2800E6D097 = {
						CreatedOnToolsVersion = 6.3.2;
						SystemCapabilities = {
							com.apple.Sandbox = {
								enabled = 0;
							};
						};
					};
					F2B359B51B3A1E2900E6D097 = {
						CreatedOnToolsVersion = 6.3.2;
						TestTargetID = F2B359A21B3A1E2800E6D097;
					};
					F2E7CB481B60468A00FD8557 = {
						CreatedOnToolsVersion = 6.4;
					};
					F2E7CB5A1B60468A00FD8557 = {
						CreatedOnToolsVersion = 6.4;
						TestTargetID = F2E7CB481B60468A00FD8557;
					};
				};
			};
			buildConfigurationList = F2B3599E1B3A1E2800E6D097 /* Build configuration list for PBXProject "Lucifer" */;
			compatibilityVersion = "Xcode 3.2";
			developmentRegion = English;
			hasScannedForEncodings = 0;
			knownRegions = (
				en,
				Base,
			);
			mainGroup = F2B3599A1B3A1E2800E6D097;
			productRefGroup = F2B359A41B3A1E2900E6D097 /* Products */;
			projectDirPath = "";
			projectRoot = "";
			targets = (
				F2B359A21B3A1E2800E6D097 /* Lucifer */,
				F2B359B51B3A1E2900E6D097 /* LuciferTests */,
				F2E7CB481B60468A00FD8557 /* Behemoth */,
				F2E7CB5A1B60468A00FD8557 /* BehemothTests */,
			);
		};
/* End PBXProject section */

/* Begin PBXResourcesBuildPhase section */
		F2B359A11B3A1E2800E6D097 /* Resources */ = {
			isa = PBXResourcesBuildPhase;
			buildActionMask = 2147483647;
			files = (
				F2B359AE1B3A1E2900E6D097 /* Images.xcassets in Resources */,
				F238F26E1B606133005D330E /* dsa_pub.pem in Resources */,
				F2B350D71B3B6793007F1E41 /* KeyMapping.plist in Resources */,
				F2B359B11B3A1E2900E6D097 /* MainMenu.xib in Resources */,
				F238F2701B606268005D330E /* appcast.xml in Resources */,
			);
			runOnlyForDeploymentPostprocessing = 0;
		};
		F2B359B41B3A1E2900E6D097 /* Resources */ = {
			isa = PBXResourcesBuildPhase;
			buildActionMask = 2147483647;
			files = (
			);
			runOnlyForDeploymentPostprocessing = 0;
		};
		F2E7CB471B60468A00FD8557 /* Resources */ = {
			isa = PBXResourcesBuildPhase;
			buildActionMask = 2147483647;
			files = (
				F2E7CB531B60468A00FD8557 /* Images.xcassets in Resources */,
				F2E7CB561B60468A00FD8557 /* MainMenu.xib in Resources */,
			);
			runOnlyForDeploymentPostprocessing = 0;
		};
		F2E7CB591B60468A00FD8557 /* Resources */ = {
			isa = PBXResourcesBuildPhase;
			buildActionMask = 2147483647;
			files = (
			);
			runOnlyForDeploymentPostprocessing = 0;
		};
/* End PBXResourcesBuildPhase section */

/* Begin PBXShellScriptBuildPhase section */
		62F079DBA609A6E84FB3915D /* Copy Pods Resources */ = {
			isa = PBXShellScriptBuildPhase;
			buildActionMask = 2147483647;
			files = (
			);
			inputPaths = (
			);
			name = "Copy Pods Resources";
			outputPaths = (
			);
			runOnlyForDeploymentPostprocessing = 0;
			shellPath = /bin/sh;
			shellScript = "\"${SRCROOT}/Pods/Target Support Files/Pods-Lucifer/Pods-Lucifer-resources.sh\"\n";
			showEnvVarsInLog = 0;
		};
		A22813C22630BFEF2117A800 /* Check Pods Manifest.lock */ = {
			isa = PBXShellScriptBuildPhase;
			buildActionMask = 2147483647;
			files = (
			);
			inputPaths = (
			);
			name = "Check Pods Manifest.lock";
			outputPaths = (
			);
			runOnlyForDeploymentPostprocessing = 0;
			shellPath = /bin/sh;
			shellScript = "diff \"${PODS_ROOT}/../Podfile.lock\" \"${PODS_ROOT}/Manifest.lock\" > /dev/null\nif [[ $? != 0 ]] ; then\n    cat << EOM\nerror: The sandbox is not in sync with the Podfile.lock. Run 'pod install' or update your CocoaPods installation.\nEOM\n    exit 1\nfi\n";
			showEnvVarsInLog = 0;
		};
		F21D977C1B6052B8009CFDC5 /* Version Bumper */ = {
			isa = PBXShellScriptBuildPhase;
			buildActionMask = 2147483647;
			files = (
			);
			inputPaths = (
			);
			name = "Version Bumper";
			outputPaths = (
			);
			runOnlyForDeploymentPostprocessing = 0;
			shellPath = /bin/sh;
			shellScript = "builddate=$(date -u +\"%Y-%m-%d\")\nif [[ -n \"$builddate\" ]]; then\n/usr/libexec/PlistBuddy -c \"Set :BTBuildDate $builddate\" \"${PROJECT_DIR}/${INFOPLIST_FILE}\"\nfi\n\necho \"warning $CONFIGURATION\"\nif [ \"$CONFIGURATION\" != \"Release\" ]; then\nexit 0\nfi\n\nbN=$(/usr/libexec/PlistBuddy -c \"Print CFBundleVersion\" \"${PROJECT_DIR}/${INFOPLIST_FILE}\")\nbN=$((0x$bN))\nbN=$(($bN + 1))\nbN=$(printf \"%X\" $bN)\n/usr/libexec/PlistBuddy -c \"Set :CFBundleVersion $bN\" \"${PROJECT_DIR}/${INFOPLIST_FILE}\"";
		};
/* End PBXShellScriptBuildPhase section */

/* Begin PBXSourcesBuildPhase section */
		F2B3599F1B3A1E2800E6D097 /* Sources */ = {
			isa = PBXSourcesBuildPhase;
			buildActionMask = 2147483647;
			files = (
				F21D97791B6051D9009CFDC5 /* KBLKeyboardBacklightService.c in Sources */,
				F2AF984E1B4762F6001D89E2 /* NSArray+FMTNSArrayFunctional.m in Sources */,
				F2B359AC1B3A1E2900E6D097 /* main.m in Sources */,
				F2B359D21B3AED1200E6D097 /* FJCLEDMonitor.m in Sources */,
				F2B359D91B3B271400E6D097 /* FJCPreferencesPanel.m in Sources */,
				F2B359AA1B3A1E2900E6D097 /* AppDelegate.m in Sources */,
				F2B359D51B3AF50400E6D097 /* FJCLuciferController.m in Sources */,
			);
			runOnlyForDeploymentPostprocessing = 0;
		};
		F2B359B21B3A1E2900E6D097 /* Sources */ = {
			isa = PBXSourcesBuildPhase;
			buildActionMask = 2147483647;
			files = (
				F2B359BD1B3A1E2900E6D097 /* LuciferTests.m in Sources */,
			);
			runOnlyForDeploymentPostprocessing = 0;
		};
		F2E7CB451B60468A00FD8557 /* Sources */ = {
			isa = PBXSourcesBuildPhase;
			buildActionMask = 2147483647;
			files = (
				F2E7CB511B60468A00FD8557 /* main.m in Sources */,
				F2E7CB4F1B60468A00FD8557 /* AppDelegate.m in Sources */,
			);
			runOnlyForDeploymentPostprocessing = 0;
		};
		F2E7CB571B60468A00FD8557 /* Sources */ = {
			isa = PBXSourcesBuildPhase;
			buildActionMask = 2147483647;
			files = (
				F2E7CB621B60468A00FD8557 /* BehemothTests.m in Sources */,
			);
			runOnlyForDeploymentPostprocessing = 0;
		};
/* End PBXSourcesBuildPhase section */

/* Begin PBXTargetDependency section */
		F2B359B81B3A1E2900E6D097 /* PBXTargetDependency */ = {
			isa = PBXTargetDependency;
			target = F2B359A21B3A1E2800E6D097 /* Lucifer */;
			targetProxy = F2B359B71B3A1E2900E6D097 /* PBXContainerItemProxy */;
		};
		F2E7CB5D1B60468A00FD8557 /* PBXTargetDependency */ = {
			isa = PBXTargetDependency;
			target = F2E7CB481B60468A00FD8557 /* Behemoth */;
			targetProxy = F2E7CB5C1B60468A00FD8557 /* PBXContainerItemProxy */;
		};
/* End PBXTargetDependency section */

/* Begin PBXVariantGroup section */
		F2B359AF1B3A1E2900E6D097 /* MainMenu.xib */ = {
			isa = PBXVariantGroup;
			children = (
				F2B359B01B3A1E2900E6D097 /* Base */,
			);
			name = MainMenu.xib;
			sourceTree = "<group>";
		};
		F2E7CB541B60468A00FD8557 /* MainMenu.xib */ = {
			isa = PBXVariantGroup;
			children = (
				F2E7CB551B60468A00FD8557 /* Base */,
			);
			name = MainMenu.xib;
			sourceTree = "<group>";
		};
/* End PBXVariantGroup section */

/* Begin XCBuildConfiguration section */
		F2B359BE1B3A1E2900E6D097 /* Debug */ = {
			isa = XCBuildConfiguration;
			buildSettings = {
				ALWAYS_SEARCH_USER_PATHS = NO;
				CLANG_CXX_LANGUAGE_STANDARD = "gnu++0x";
				CLANG_CXX_LIBRARY = "libc++";
				CLANG_ENABLE_MODULES = YES;
				CLANG_ENABLE_OBJC_ARC = YES;
				CLANG_WARN_BOOL_CONVERSION = YES;
				CLANG_WARN_CONSTANT_CONVERSION = YES;
				CLANG_WARN_DIRECT_OBJC_ISA_USAGE = YES_ERROR;
				CLANG_WARN_EMPTY_BODY = YES;
				CLANG_WARN_ENUM_CONVERSION = YES;
				CLANG_WARN_INT_CONVERSION = YES;
				CLANG_WARN_OBJC_ROOT_CLASS = YES_ERROR;
				CLANG_WARN_UNREACHABLE_CODE = YES;
				CLANG_WARN__DUPLICATE_METHOD_MATCH = YES;
				CODE_SIGN_IDENTITY = "-";
				COPY_PHASE_STRIP = NO;
				DEBUG_INFORMATION_FORMAT = dwarf;
				ENABLE_STRICT_OBJC_MSGSEND = YES;
				GCC_C_LANGUAGE_STANDARD = gnu99;
				GCC_DYNAMIC_NO_PIC = NO;
				GCC_NO_COMMON_BLOCKS = YES;
				GCC_OPTIMIZATION_LEVEL = 0;
				GCC_PREPROCESSOR_DEFINITIONS = (
					"DEBUG=1",
					"$(inherited)",
				);
				GCC_SYMBOLS_PRIVATE_EXTERN = NO;
				GCC_WARN_64_TO_32_BIT_CONVERSION = YES;
				GCC_WARN_ABOUT_RETURN_TYPE = YES_ERROR;
				GCC_WARN_UNDECLARED_SELECTOR = YES;
				GCC_WARN_UNINITIALIZED_AUTOS = YES_AGGRESSIVE;
				GCC_WARN_UNUSED_FUNCTION = YES;
				GCC_WARN_UNUSED_VARIABLE = YES;
				MACOSX_DEPLOYMENT_TARGET = 10.10;
				MTL_ENABLE_DEBUG_INFO = YES;
				ONLY_ACTIVE_ARCH = YES;
				SDKROOT = macosx;
			};
			name = Debug;
		};
		F2B359BF1B3A1E2900E6D097 /* Release */ = {
			isa = XCBuildConfiguration;
			buildSettings = {
				ALWAYS_SEARCH_USER_PATHS = NO;
				CLANG_CXX_LANGUAGE_STANDARD = "gnu++0x";
				CLANG_CXX_LIBRARY = "libc++";
				CLANG_ENABLE_MODULES = YES;
				CLANG_ENABLE_OBJC_ARC = YES;
				CLANG_WARN_BOOL_CONVERSION = YES;
				CLANG_WARN_CONSTANT_CONVERSION = YES;
				CLANG_WARN_DIRECT_OBJC_ISA_USAGE = YES_ERROR;
				CLANG_WARN_EMPTY_BODY = YES;
				CLANG_WARN_ENUM_CONVERSION = YES;
				CLANG_WARN_INT_CONVERSION = YES;
				CLANG_WARN_OBJC_ROOT_CLASS = YES_ERROR;
				CLANG_WARN_UNREACHABLE_CODE = YES;
				CLANG_WARN__DUPLICATE_METHOD_MATCH = YES;
				CODE_SIGN_IDENTITY = "-";
				COPY_PHASE_STRIP = NO;
				DEBUG_INFORMATION_FORMAT = "dwarf-with-dsym";
				ENABLE_NS_ASSERTIONS = NO;
				ENABLE_STRICT_OBJC_MSGSEND = YES;
				GCC_C_LANGUAGE_STANDARD = gnu99;
				GCC_NO_COMMON_BLOCKS = YES;
				GCC_WARN_64_TO_32_BIT_CONVERSION = YES;
				GCC_WARN_ABOUT_RETURN_TYPE = YES_ERROR;
				GCC_WARN_UNDECLARED_SELECTOR = YES;
				GCC_WARN_UNINITIALIZED_AUTOS = YES_AGGRESSIVE;
				GCC_WARN_UNUSED_FUNCTION = YES;
				GCC_WARN_UNUSED_VARIABLE = YES;
				MACOSX_DEPLOYMENT_TARGET = 10.10;
				MTL_ENABLE_DEBUG_INFO = NO;
				SDKROOT = macosx;
			};
			name = Release;
		};
		F2B359C11B3A1E2900E6D097 /* Debug */ = {
			isa = XCBuildConfiguration;
			baseConfigurationReference = E1ADFDCB01B057F78212E31D /* Pods-Lucifer.debug.xcconfig */;
			buildSettings = {
				ASSETCATALOG_COMPILER_APPICON_NAME = AppIcon;
				CODE_SIGN_IDENTITY = "";
				COMBINE_HIDPI_IMAGES = YES;
				GCC_PREFIX_HEADER = Lucifer/PrefixHeader.pch;
				INFOPLIST_FILE = Lucifer/Info.plist;
				LD_RUNPATH_SEARCH_PATHS = "$(inherited) @executable_path/../Frameworks";
				OTHER_LDFLAGS = (
					"$(inherited)",
					"-ObjC",
					"-framework",
					"\"Sparkle\"",
					"-Wl,-rpath,@loader_path/../Frameworks",
				);
				PRODUCT_NAME = "$(TARGET_NAME)";
			};
			name = Debug;
		};
		F2B359C21B3A1E2900E6D097 /* Release */ = {
			isa = XCBuildConfiguration;
			baseConfigurationReference = 1EEAC1A5CFDBEE6EE702B30B /* Pods-Lucifer.release.xcconfig */;
			buildSettings = {
				ASSETCATALOG_COMPILER_APPICON_NAME = AppIcon;
				CODE_SIGN_IDENTITY = "";
				COMBINE_HIDPI_IMAGES = YES;
				GCC_PREFIX_HEADER = Lucifer/PrefixHeader.pch;
				INFOPLIST_FILE = Lucifer/Info.plist;
				LD_RUNPATH_SEARCH_PATHS = "$(inherited) @executable_path/../Frameworks";
				OTHER_LDFLAGS = (
					"$(inherited)",
					"-ObjC",
					"-framework",
					"\"Sparkle\"",
					"-Wl,-rpath,@loader_path/../Frameworks",
				);
				PRODUCT_NAME = "$(TARGET_NAME)";
			};
			name = Release;
		};
		F2B359C41B3A1E2900E6D097 /* Debug */ = {
			isa = XCBuildConfiguration;
			buildSettings = {
				BUNDLE_LOADER = "$(TEST_HOST)";
				COMBINE_HIDPI_IMAGES = YES;
				FRAMEWORK_SEARCH_PATHS = (
					"$(DEVELOPER_FRAMEWORKS_DIR)",
					"$(inherited)",
				);
				GCC_PREPROCESSOR_DEFINITIONS = (
					"DEBUG=1",
					"$(inherited)",
				);
				INFOPLIST_FILE = LuciferTests/Info.plist;
				LD_RUNPATH_SEARCH_PATHS = "$(inherited) @executable_path/../Frameworks @loader_path/../Frameworks";
				PRODUCT_NAME = "$(TARGET_NAME)";
				TEST_HOST = "$(BUILT_PRODUCTS_DIR)/Lucifer.app/Contents/MacOS/Lucifer";
			};
			name = Debug;
		};
		F2B359C51B3A1E2900E6D097 /* Release */ = {
			isa = XCBuildConfiguration;
			buildSettings = {
				BUNDLE_LOADER = "$(TEST_HOST)";
				COMBINE_HIDPI_IMAGES = YES;
				FRAMEWORK_SEARCH_PATHS = (
					"$(DEVELOPER_FRAMEWORKS_DIR)",
					"$(inherited)",
				);
				INFOPLIST_FILE = LuciferTests/Info.plist;
				LD_RUNPATH_SEARCH_PATHS = "$(inherited) @executable_path/../Frameworks @loader_path/../Frameworks";
				PRODUCT_NAME = "$(TARGET_NAME)";
				TEST_HOST = "$(BUILT_PRODUCTS_DIR)/Lucifer.app/Contents/MacOS/Lucifer";
			};
			name = Release;
		};
		F2E7CB641B60468A00FD8557 /* Debug */ = {
			isa = XCBuildConfiguration;
			buildSettings = {
				ASSETCATALOG_COMPILER_APPICON_NAME = AppIcon;
				COMBINE_HIDPI_IMAGES = YES;
				GCC_PREPROCESSOR_DEFINITIONS = (
					"DEBUG=1",
					"$(inherited)",
				);
				INFOPLIST_FILE = Behemoth/Info.plist;
				LD_RUNPATH_SEARCH_PATHS = "$(inherited) @executable_path/../Frameworks";
				PRODUCT_NAME = "$(TARGET_NAME)";
				SKIP_INSTALL = NO;
			};
			name = Debug;
		};
		F2E7CB651B60468A00FD8557 /* Release */ = {
			isa = XCBuildConfiguration;
			buildSettings = {
				ASSETCATALOG_COMPILER_APPICON_NAME = AppIcon;
				COMBINE_HIDPI_IMAGES = YES;
				INFOPLIST_FILE = Behemoth/Info.plist;
				LD_RUNPATH_SEARCH_PATHS = "$(inherited) @executable_path/../Frameworks";
				PRODUCT_NAME = "$(TARGET_NAME)";
				SKIP_INSTALL = YES;
			};
			name = Release;
		};
		F2E7CB671B60468A00FD8557 /* Debug */ = {
			isa = XCBuildConfiguration;
			buildSettings = {
				BUNDLE_LOADER = "$(TEST_HOST)";
				COMBINE_HIDPI_IMAGES = YES;
				FRAMEWORK_SEARCH_PATHS = (
					"$(DEVELOPER_FRAMEWORKS_DIR)",
					"$(inherited)",
				);
				GCC_PREPROCESSOR_DEFINITIONS = (
					"DEBUG=1",
					"$(inherited)",
				);
				INFOPLIST_FILE = BehemothTests/Info.plist;
				LD_RUNPATH_SEARCH_PATHS = "$(inherited) @executable_path/../Frameworks @loader_path/../Frameworks";
				PRODUCT_NAME = "$(TARGET_NAME)";
				TEST_HOST = "$(BUILT_PRODUCTS_DIR)/Behemoth.app/Contents/MacOS/Behemoth";
			};
			name = Debug;
		};
		F2E7CB681B60468A00FD8557 /* Release */ = {
			isa = XCBuildConfiguration;
			buildSettings = {
				BUNDLE_LOADER = "$(TEST_HOST)";
				COMBINE_HIDPI_IMAGES = YES;
				FRAMEWORK_SEARCH_PATHS = (
					"$(DEVELOPER_FRAMEWORKS_DIR)",
					"$(inherited)",
				);
				INFOPLIST_FILE = BehemothTests/Info.plist;
				LD_RUNPATH_SEARCH_PATHS = "$(inherited) @executable_path/../Frameworks @loader_path/../Frameworks";
				PRODUCT_NAME = "$(TARGET_NAME)";
				TEST_HOST = "$(BUILT_PRODUCTS_DIR)/Behemoth.app/Contents/MacOS/Behemoth";
			};
			name = Release;
		};
/* End XCBuildConfiguration section */

/* Begin XCConfigurationList section */
		F2B3599E1B3A1E2800E6D097 /* Build configuration list for PBXProject "Lucifer" */ = {
			isa = XCConfigurationList;
			buildConfigurations = (
				F2B359BE1B3A1E2900E6D097 /* Debug */,
				F2B359BF1B3A1E2900E6D097 /* Release */,
			);
			defaultConfigurationIsVisible = 0;
			defaultConfigurationName = Release;
		};
		F2B359C01B3A1E2900E6D097 /* Build configuration list for PBXNativeTarget "Lucifer" */ = {
			isa = XCConfigurationList;
			buildConfigurations = (
				F2B359C11B3A1E2900E6D097 /* Debug */,
				F2B359C21B3A1E2900E6D097 /* Release */,
			);
			defaultConfigurationIsVisible = 0;
			defaultConfigurationName = Release;
		};
		F2B359C31B3A1E2900E6D097 /* Build configuration list for PBXNativeTarget "LuciferTests" */ = {
			isa = XCConfigurationList;
			buildConfigurations = (
				F2B359C41B3A1E2900E6D097 /* Debug */,
				F2B359C51B3A1E2900E6D097 /* Release */,
			);
			defaultConfigurationIsVisible = 0;
			defaultConfigurationName = Release;
		};
		F2E7CB631B60468A00FD8557 /* Build configuration list for PBXNativeTarget "Behemoth" */ = {
			isa = XCConfigurationList;
			buildConfigurations = (
				F2E7CB641B60468A00FD8557 /* Debug */,
				F2E7CB651B60468A00FD8557 /* Release */,
			);
			defaultConfigurationIsVisible = 0;
			defaultConfigurationName = Release;
		};
		F2E7CB661B60468A00FD8557 /* Build configuration list for PBXNativeTarget "BehemothTests" */ = {
			isa = XCConfigurationList;
			buildConfigurations = (
				F2E7CB671B60468A00FD8557 /* Debug */,
				F2E7CB681B60468A00FD8557 /* Release */,
			);
			defaultConfigurationIsVisible = 0;
			defaultConfigurationName = Release;
		};
/* End XCConfigurationList section */
	};
	rootObject = F2B3599B1B3A1E2800E6D097 /* Project object */;
}
